<Solution>
  <Folder Name="/Solution Items/">
    <File Path=".editorconfig" />
    <File Path="Directory.Build.props" />
    <File Path="Directory.Packages.props" />
  </Folder>
  <Folder Name="/src/">
    <Project Path="src/Serara.Files/Serara.Files.csproj" />
    <Project Path="src/Serara.History/Serara.History.csproj" />
    <Project Path="src/Serara.Module.WinServer/Serara.Module.WinServer.csproj" />
    <Project Path="src/Serara.Search/Serara.Search.csproj" />
    <Project Path="src/Serara.Tui/Serara.Tui.csproj" />
  </Folder>
  <Project Path="src/Serara.Core/Serara.Core.csproj" />
</Solution>
